
Microsoft Visual Studio Solution File, Format Version 12.00
# Visual Studio Version 17
VisualStudioVersion = 17.8.34511.84
MinimumVisualStudioVersion = 10.0.40219.1
Project("{FAE04EC0-301F-11D3-BF4B-00C04F79EFBC}") = "Lab2", "Lab2\Lab2.csproj", "{13872925-0354-41E4-94A8-38F7E9FD92D7}"
EndProject
Global
	GlobalSection(SolutionConfigurationPlatforms) = preSolution
		Debug|Any CPU = Debug|Any CPU
		Release|Any CPU = Release|Any CPU
	EndGlobalSection
	GlobalSection(ProjectConfigurationPlatforms) = postSolution
		{13872925-0354-41E4-94A8-38F7E9FD92D7}.Debug|Any CPU.ActiveCfg = Debug|Any CPU
		{13872925-0354-41E4-94A8-38F7E9FD92D7}.Debug|Any CPU.Build.0 = Debug|Any CPU
		{13872925-0354-41E4-94A8-38F7E9FD92D7}.Release|Any CPU.ActiveCfg = Release|Any CPU
		{13872925-0354-41E4-94A8-38F7E9FD92D7}.Release|Any CPU.Build.0 = Release|Any CPU
	EndGlobalSection
	GlobalSection(SolutionProperties) = preSolution
		HideSolutionNode = FALSE
	EndGlobalSection
	GlobalSection(ExtensibilityGlobals) = postSolution
		SolutionGuid = {D9806827-DC7C-4678-8B0D-54715BF4718B}
	EndGlobalSection
EndGlobal
